
Microsoft Visual Studio Solution File, Format Version 12.00
# Visual Studio Version 16
VisualStudioVersion = 16.0.30907.101
MinimumVisualStudioVersion = 10.0.40219.1
Project("{FAE04EC0-301F-11D3-BF4B-00C04F79EFBC}") = "MaquinaDeVendas", "MaquinaDeVendas\MaquinaDeVendas.csproj", "{396C2E5B-092D-4281-90AB-6E41BC89A537}"
EndProject
Global
	GlobalSection(SolutionConfigurationPlatforms) = preSolution
		Debug|Any CPU = Debug|Any CPU
		Release|Any CPU = Release|Any CPU
	EndGlobalSection
	GlobalSection(ProjectConfigurationPlatforms) = postSolution
		{396C2E5B-092D-4281-90AB-6E41BC89A537}.Debug|Any CPU.ActiveCfg = Debug|Any CPU
		{396C2E5B-092D-4281-90AB-6E41BC89A537}.Debug|Any CPU.Build.0 = Debug|Any CPU
		{396C2E5B-092D-4281-90AB-6E41BC89A537}.Release|Any CPU.ActiveCfg = Release|Any CPU
		{396C2E5B-092D-4281-90AB-6E41BC89A537}.Release|Any CPU.Build.0 = Release|Any CPU
	EndGlobalSection
	GlobalSection(SolutionProperties) = preSolution
		HideSolutionNode = FALSE
	EndGlobalSection
	GlobalSection(ExtensibilityGlobals) = postSolution
		SolutionGuid = {AC8D3A93-2BC4-4059-BE4B-B3857EF5B76D}
	EndGlobalSection
EndGlobal
